
Microsoft Visual Studio Solution File, Format Version 12.00
# Visual Studio Version 17
VisualStudioVersion = 17.13.35806.99 d17.13
MinimumVisualStudioVersion = 10.0.40219.1
Project("{FAE04EC0-301F-11D3-BF4B-00C04F79EFBC}") = "JwtAuthDotNet9", "JwtAuthDotNet9\JwtAuthDotNet9.csproj", "{B1EB13C9-46A6-44F2-B314-F85EEFA9E843}"
EndProject
Global
	GlobalSection(SolutionConfigurationPlatforms) = preSolution
		Debug|Any CPU = Debug|Any CPU
		Release|Any CPU = Release|Any CPU
	EndGlobalSection
	GlobalSection(ProjectConfigurationPlatforms) = postSolution
		{B1EB13C9-46A6-44F2-B314-F85EEFA9E843}.Debug|Any CPU.ActiveCfg = Debug|Any CPU
		{B1EB13C9-46A6-44F2-B314-F85EEFA9E843}.Debug|Any CPU.Build.0 = Debug|Any CPU
		{B1EB13C9-46A6-44F2-B314-F85EEFA9E843}.Release|Any CPU.ActiveCfg = Release|Any CPU
		{B1EB13C9-46A6-44F2-B314-F85EEFA9E843}.Release|Any CPU.Build.0 = Release|Any CPU
	EndGlobalSection
	GlobalSection(SolutionProperties) = preSolution
		HideSolutionNode = FALSE
	EndGlobalSection
	GlobalSection(ExtensibilityGlobals) = postSolution
		SolutionGuid = {B25737CE-C61C-47B8-9021-727457558CB6}
	EndGlobalSection
EndGlobal
